{
  "name": "backend",
  "lockfileVersion": 2,
  "requires": true,
  "packages": {
    "": {
      "dependencies": {
        "2022-03-js-remotefr-outsiders-checkpoint-4": "file:.."
      }
    },
    "..": {
      "version": "1.0.0",
      "license": "ISC",
      "dependencies": {
        "i": "^0.3.7",
        "npm": "^8.13.2"
      },
      "devDependencies": {
        "concurrently": "^7.0.0",
        "husky": "^7.0.0"
      }
    },
    "node_modules/2022-03-js-remotefr-outsiders-checkpoint-4": {
      "resolved": "..",
      "link": true
    }
  },
  "dependencies": {
    "2022-03-js-remotefr-outsiders-checkpoint-4": {
      "version": "file:..",
      "requires": {
        "concurrently": "^7.0.0",
        "husky": "^7.0.0",
        "i": "^0.3.7",
        "npm": "^8.13.2"
      }
    }
  }
}
